<?xml version="1.0" encoding="utf-8"?>
<Project ToolsVersion="4.0" xmlns="http://schemas.microsoft.com/developer/msbuild/2003">
  <ItemGroup>
    <ClCompile Include="FWApplication.cpp" />
    <ClCompile Include="Main.cpp" />
    <ClCompile Include="ExampleGameObject.cpp" />
    <ClCompile Include="Linal\graphical2D\canvas.cpp">
      <Filter>linal\graphical2D</Filter>
    </ClCompile>
    <ClCompile Include="Linal\graphical2D\vector.cpp">
      <Filter>linal\graphical2D</Filter>
    </ClCompile>
    <ClCompile Include="Linal\graphical2D\point.cpp">
      <Filter>linal\graphical2D</Filter>
    </ClCompile>
    <ClCompile Include="Linal\graphical3D\3dpoint.cpp">
      <Filter>linal\graphical3D</Filter>
    </ClCompile>
    <ClCompile Include="Linal\graphical3D\3dvector.cpp">
      <Filter>linal\graphical3D</Filter>
    </ClCompile>
    <ClCompile Include="cube.cpp">
      <Filter>spaceshooter</Filter>
    </ClCompile>
  </ItemGroup>
  <ItemGroup>
    <ClInclude Include="Config.h" />
    <ClInclude Include="FWApplication.h" />
    <ClInclude Include="ExampleGameObject.h" />
    <ClInclude Include="IGameObject.h" />
    <ClInclude Include="drawable.h">
      <Filter>linal\interfaces</Filter>
    </ClInclude>
    <ClInclude Include="Linal\graphical2D\canvas.h">
      <Filter>linal\graphical2D</Filter>
    </ClInclude>
    <ClInclude Include="Linal\constants.h">
      <Filter>linal</Filter>
    </ClInclude>
    <ClInclude Include="Linal\graphical2D\vector.h">
      <Filter>linal\graphical2D</Filter>
    </ClInclude>
    <ClInclude Include="Linal\graphical2D\point.h">
      <Filter>linal\graphical2D</Filter>
    </ClInclude>
    <ClInclude Include="Linal\graphical3D\3dpoint.h">
      <Filter>linal\graphical3D</Filter>
    </ClInclude>
    <ClInclude Include="Linal\graphical3D\3dvector.h">
      <Filter>linal\graphical3D</Filter>
    </ClInclude>
    <ClInclude Include="Linal\matrix.h">
      <Filter>linal</Filter>
    </ClInclude>
    <ClInclude Include="Linal\camera.hpp">
      <Filter>linal</Filter>
    </ClInclude>
    <ClInclude Include="Linal\inoutproduct.hpp">
      <Filter>linal</Filter>
    </ClInclude>
<<<<<<< HEAD
    <ClInclude Include="cube.h">
      <Filter>spaceshooter</Filter>
=======
    <ClInclude Include="spaceship.h">
      <Filter>linal\models</Filter>
>>>>>>> master
    </ClInclude>
  </ItemGroup>
  <ItemGroup>
    <Filter Include="linal">
      <UniqueIdentifier>{abf55b0b-1c6a-430a-9b78-a95e9226fb23}</UniqueIdentifier>
    </Filter>
    <Filter Include="linal\interfaces">
      <UniqueIdentifier>{66112414-c4a8-4389-84d8-55690a24101c}</UniqueIdentifier>
    </Filter>
    <Filter Include="linal\graphical3D">
      <UniqueIdentifier>{01cbb3c1-d8da-4760-8178-daa4fdc665c9}</UniqueIdentifier>
    </Filter>
    <Filter Include="linal\graphical2D">
      <UniqueIdentifier>{126179ed-b3fe-4bb2-b623-f27655b32959}</UniqueIdentifier>
    </Filter>
<<<<<<< HEAD
    <Filter Include="spaceshooter">
      <UniqueIdentifier>{6df608f3-d3c9-4b29-b392-88dfcba14c04}</UniqueIdentifier>
=======
    <Filter Include="linal\models">
      <UniqueIdentifier>{838650bb-9311-4927-a25c-cdf9ea7342cf}</UniqueIdentifier>
>>>>>>> master
    </Filter>
  </ItemGroup>
</Project>